// !$*UTF8*$!
{
	archiveVersion = 1;
	classes = {
	};
	objectVersion = 48;
	objects = {

/* Begin PBXBuildFile section */
		7216B0C721B075BE00EB4748 /* TypeInfo.cpp in Sources */ = {isa = PBXBuildFile; fileRef = 7216B0C521B075BE00EB4748 /* TypeInfo.cpp */; };
		7216B0CA21B076DC00EB4748 /* FieldInfo.cpp in Sources */ = {isa = PBXBuildFile; fileRef = 7216B0C821B076DC00EB4748 /* FieldInfo.cpp */; };
		7216B0CD21B07B4E00EB4748 /* TestReflection.cpp in Sources */ = {isa = PBXBuildFile; fileRef = 7216B0CB21B07B4E00EB4748 /* TestReflection.cpp */; };
		7216B0D021CC45F800EB4748 /* FieldSerializer.cpp in Sources */ = {isa = PBXBuildFile; fileRef = 7216B0CE21CC45F800EB4748 /* FieldSerializer.cpp */; };
		726CB221210509E4009E1412 /* ecs.cpp in Sources */ = {isa = PBXBuildFile; fileRef = 726CB21F210509E4009E1412 /* ecs.cpp */; };
		72A86D8621091268001BCF6B /* ObjectList.cpp in Sources */ = {isa = PBXBuildFile; fileRef = 72A86D8421091268001BCF6B /* ObjectList.cpp */; };
		72A86D8921091451001BCF6B /* Database.cpp in Sources */ = {isa = PBXBuildFile; fileRef = 72A86D8721091451001BCF6B /* Database.cpp */; };
		72A86D8C21091706001BCF6B /* Scene.cpp in Sources */ = {isa = PBXBuildFile; fileRef = 72A86D8A21091706001BCF6B /* Scene.cpp */; };
		72A86D92210918A2001BCF6B /* GameObject.cpp in Sources */ = {isa = PBXBuildFile; fileRef = 72A86D90210918A2001BCF6B /* GameObject.cpp */; };
		72A86D98210A6982001BCF6B /* serialization.cpp in Sources */ = {isa = PBXBuildFile; fileRef = 72A86D97210A6982001BCF6B /* serialization.cpp */; };
		72A86D9D210E5D8E001BCF6B /* Hierarchy.cpp in Sources */ = {isa = PBXBuildFile; fileRef = 72A86D9B210E5D8E001BCF6B /* Hierarchy.cpp */; };
		72A86DA521139742001BCF6B /* JsonSerializer.cpp in Sources */ = {isa = PBXBuildFile; fileRef = 72A86DA321139742001BCF6B /* JsonSerializer.cpp */; };
		72A86DAD2122116D001BCF6B /* JsonDeserializer.cpp in Sources */ = {isa = PBXBuildFile; fileRef = 72A86DAC2122116C001BCF6B /* JsonDeserializer.cpp */; };
		72A86DB121567291001BCF6B /* Test.cpp in Sources */ = {isa = PBXBuildFile; fileRef = 72A86DAF21567291001BCF6B /* Test.cpp */; };
		72A86DB32156753A001BCF6B /* test.cpp in Sources */ = {isa = PBXBuildFile; fileRef = 72A86DB22156753A001BCF6B /* test.cpp */; };
		72A86DB6215675C1001BCF6B /* TestECS.cpp in Sources */ = {isa = PBXBuildFile; fileRef = 72A86DB4215675C1001BCF6B /* TestECS.cpp */; };
/* End PBXBuildFile section */

/* Begin PBXCopyFilesBuildPhase section */
		726CB1DD20FD2ADF009E1412 /* CopyFiles */ = {
			isa = PBXCopyFilesBuildPhase;
			buildActionMask = 2147483647;
			dstPath = /usr/share/man/man1/;
			dstSubfolderSpec = 0;
			files = (
			);
			runOnlyForDeploymentPostprocessing = 1;
		};
/* End PBXCopyFilesBuildPhase section */

/* Begin PBXFileReference section */
		7216B0C521B075BE00EB4748 /* TypeInfo.cpp */ = {isa = PBXFileReference; lastKnownFileType = sourcecode.cpp.cpp; path = TypeInfo.cpp; sourceTree = "<group>"; };
		7216B0C621B075BE00EB4748 /* TypeInfo.hpp */ = {isa = PBXFileReference; lastKnownFileType = sourcecode.cpp.h; path = TypeInfo.hpp; sourceTree = "<group>"; };
		7216B0C821B076DC00EB4748 /* FieldInfo.cpp */ = {isa = PBXFileReference; lastKnownFileType = sourcecode.cpp.cpp; path = FieldInfo.cpp; sourceTree = "<group>"; };
		7216B0C921B076DC00EB4748 /* FieldInfo.hpp */ = {isa = PBXFileReference; lastKnownFileType = sourcecode.cpp.h; path = FieldInfo.hpp; sourceTree = "<group>"; };
		7216B0CB21B07B4E00EB4748 /* TestReflection.cpp */ = {isa = PBXFileReference; lastKnownFileType = sourcecode.cpp.cpp; path = TestReflection.cpp; sourceTree = "<group>"; };
		7216B0CE21CC45F800EB4748 /* FieldSerializer.cpp */ = {isa = PBXFileReference; lastKnownFileType = sourcecode.cpp.cpp; name = FieldSerializer.cpp; path = ECS/Serialization/FieldSerializer.cpp; sourceTree = SOURCE_ROOT; };
		7216B0CF21CC45F800EB4748 /* FieldSerializer.hpp */ = {isa = PBXFileReference; lastKnownFileType = sourcecode.cpp.h; name = FieldSerializer.hpp; path = ECS/Serialization/FieldSerializer.hpp; sourceTree = SOURCE_ROOT; };
		726CB1DF20FD2ADF009E1412 /* ECS */ = {isa = PBXFileReference; explicitFileType = "compiled.mach-o.executable"; includeInIndex = 0; path = ECS; sourceTree = BUILT_PRODUCTS_DIR; };
		726CB21F210509E4009E1412 /* ecs.cpp */ = {isa = PBXFileReference; lastKnownFileType = sourcecode.cpp.cpp; path = ecs.cpp; sourceTree = "<group>"; };
		72A86D8021090E98001BCF6B /* MetaHelper.hpp */ = {isa = PBXFileReference; lastKnownFileType = sourcecode.cpp.h; path = MetaHelper.hpp; sourceTree = "<group>"; };
		72A86D8121090F9D001BCF6B /* IdHelper.hpp */ = {isa = PBXFileReference; lastKnownFileType = sourcecode.cpp.h; path = IdHelper.hpp; sourceTree = "<group>"; };
		72A86D8221091083001BCF6B /* Container.hpp */ = {isa = PBXFileReference; lastKnownFileType = sourcecode.cpp.h; path = Container.hpp; sourceTree = "<group>"; };
		72A86D83210910D6001BCF6B /* GameObjectId.hpp */ = {isa = PBXFileReference; lastKnownFileType = sourcecode.cpp.h; path = GameObjectId.hpp; sourceTree = "<group>"; };
		72A86D8421091268001BCF6B /* ObjectList.cpp */ = {isa = PBXFileReference; lastKnownFileType = sourcecode.cpp.cpp; path = ObjectList.cpp; sourceTree = "<group>"; };
		72A86D8521091268001BCF6B /* ObjectList.hpp */ = {isa = PBXFileReference; lastKnownFileType = sourcecode.cpp.h; path = ObjectList.hpp; sourceTree = "<group>"; };
		72A86D8721091451001BCF6B /* Database.cpp */ = {isa = PBXFileReference; lastKnownFileType = sourcecode.cpp.cpp; path = Database.cpp; sourceTree = "<group>"; };
		72A86D8821091451001BCF6B /* Database.hpp */ = {isa = PBXFileReference; lastKnownFileType = sourcecode.cpp.h; path = Database.hpp; sourceTree = "<group>"; };
		72A86D8A21091706001BCF6B /* Scene.cpp */ = {isa = PBXFileReference; lastKnownFileType = sourcecode.cpp.cpp; path = Scene.cpp; sourceTree = "<group>"; };
		72A86D8B21091706001BCF6B /* Scene.hpp */ = {isa = PBXFileReference; lastKnownFileType = sourcecode.cpp.h; path = Scene.hpp; sourceTree = "<group>"; };
		72A86D8E21091873001BCF6B /* System.hpp */ = {isa = PBXFileReference; lastKnownFileType = sourcecode.cpp.h; path = System.hpp; sourceTree = "<group>"; };
		72A86D90210918A2001BCF6B /* GameObject.cpp */ = {isa = PBXFileReference; lastKnownFileType = sourcecode.cpp.cpp; path = GameObject.cpp; sourceTree = "<group>"; };
		72A86D91210918A2001BCF6B /* GameObject.hpp */ = {isa = PBXFileReference; lastKnownFileType = sourcecode.cpp.h; path = GameObject.hpp; sourceTree = "<group>"; };
		72A86D97210A6982001BCF6B /* serialization.cpp */ = {isa = PBXFileReference; lastKnownFileType = sourcecode.cpp.cpp; path = serialization.cpp; sourceTree = "<group>"; };
		72A86D9A210B487F001BCF6B /* ClassNameHelper.hpp */ = {isa = PBXFileReference; lastKnownFileType = sourcecode.cpp.h; path = ClassNameHelper.hpp; sourceTree = "<group>"; };
		72A86D9B210E5D8E001BCF6B /* Hierarchy.cpp */ = {isa = PBXFileReference; lastKnownFileType = sourcecode.cpp.cpp; path = Hierarchy.cpp; sourceTree = "<group>"; };
		72A86D9C210E5D8E001BCF6B /* Hierarchy.hpp */ = {isa = PBXFileReference; lastKnownFileType = sourcecode.cpp.h; path = Hierarchy.hpp; sourceTree = "<group>"; };
		72A86D9F210E5E23001BCF6B /* Event.hpp */ = {isa = PBXFileReference; fileEncoding = 4; lastKnownFileType = sourcecode.cpp.h; path = Event.hpp; sourceTree = "<group>"; };
		72A86DA0210E5E23001BCF6B /* Property.hpp */ = {isa = PBXFileReference; fileEncoding = 4; lastKnownFileType = sourcecode.cpp.h; path = Property.hpp; sourceTree = "<group>"; };
		72A86DA321139742001BCF6B /* JsonSerializer.cpp */ = {isa = PBXFileReference; lastKnownFileType = sourcecode.cpp.cpp; name = JsonSerializer.cpp; path = ECS/Serialization/JsonSerializer.cpp; sourceTree = SOURCE_ROOT; };
		72A86DA421139742001BCF6B /* JsonSerializer.hpp */ = {isa = PBXFileReference; lastKnownFileType = sourcecode.cpp.h; name = JsonSerializer.hpp; path = ECS/Serialization/JsonSerializer.hpp; sourceTree = SOURCE_ROOT; };
		72A86DA72113A8CD001BCF6B /* minijson_reader.hpp */ = {isa = PBXFileReference; fileEncoding = 4; lastKnownFileType = sourcecode.cpp.h; path = minijson_reader.hpp; sourceTree = "<group>"; };
		72A86DA82113A8CD001BCF6B /* minijson_writer.hpp */ = {isa = PBXFileReference; fileEncoding = 4; lastKnownFileType = sourcecode.cpp.h; path = minijson_writer.hpp; sourceTree = "<group>"; };
		72A86DAB2122116C001BCF6B /* JsonDeserializer.hpp */ = {isa = PBXFileReference; fileEncoding = 4; lastKnownFileType = sourcecode.cpp.h; name = JsonDeserializer.hpp; path = ECS/Serialization/JsonDeserializer.hpp; sourceTree = SOURCE_ROOT; };
		72A86DAC2122116C001BCF6B /* JsonDeserializer.cpp */ = {isa = PBXFileReference; fileEncoding = 4; lastKnownFileType = sourcecode.cpp.cpp; name = JsonDeserializer.cpp; path = ECS/Serialization/JsonDeserializer.cpp; sourceTree = SOURCE_ROOT; };
		72A86DAF21567291001BCF6B /* Test.cpp */ = {isa = PBXFileReference; lastKnownFileType = sourcecode.cpp.cpp; path = Test.cpp; sourceTree = "<group>"; };
		72A86DB021567291001BCF6B /* Test.hpp */ = {isa = PBXFileReference; lastKnownFileType = sourcecode.cpp.h; path = Test.hpp; sourceTree = "<group>"; };
		72A86DB22156753A001BCF6B /* test.cpp */ = {isa = PBXFileReference; lastKnownFileType = sourcecode.cpp.cpp; path = test.cpp; sourceTree = "<group>"; };
		72A86DB4215675C1001BCF6B /* TestECS.cpp */ = {isa = PBXFileReference; lastKnownFileType = sourcecode.cpp.cpp; path = TestECS.cpp; sourceTree = "<group>"; };
		72A86DB5215675C1001BCF6B /* TestECS.hpp */ = {isa = PBXFileReference; lastKnownFileType = sourcecode.cpp.h; path = TestECS.hpp; sourceTree = "<group>"; };
/* End PBXFileReference section */

/* Begin PBXFrameworksBuildPhase section */
		726CB1DC20FD2ADF009E1412 /* Frameworks */ = {
			isa = PBXFrameworksBuildPhase;
			buildActionMask = 2147483647;
			files = (
			);
			runOnlyForDeploymentPostprocessing = 0;
		};
/* End PBXFrameworksBuildPhase section */

/* Begin PBXGroup section */
		7216B0C421B074F500EB4748 /* Reflection */ = {
			isa = PBXGroup;
			children = (
				7216B0C521B075BE00EB4748 /* TypeInfo.cpp */,
				7216B0C621B075BE00EB4748 /* TypeInfo.hpp */,
				7216B0C821B076DC00EB4748 /* FieldInfo.cpp */,
				7216B0C921B076DC00EB4748 /* FieldInfo.hpp */,
			);
			path = Reflection;
			sourceTree = "<group>";
		};
		726CB1D620FD2ADF009E1412 = {
			isa = PBXGroup;
			children = (
				726CB1E120FD2ADF009E1412 /* ECS */,
				726CB1E020FD2ADF009E1412 /* Products */,
			);
			sourceTree = "<group>";
		};
		726CB1E020FD2ADF009E1412 /* Products */ = {
			isa = PBXGroup;
			children = (
				726CB1DF20FD2ADF009E1412 /* ECS */,
			);
			name = Products;
			sourceTree = "<group>";
		};
		726CB1E120FD2ADF009E1412 /* ECS */ = {
			isa = PBXGroup;
			children = (
				72A86D9E210E5E23001BCF6B /* Data */,
				72A86D7F21090D6B001BCF6B /* ECS */,
				726CB21F210509E4009E1412 /* ecs.cpp */,
				72A86D99210B4867001BCF6B /* Helpers */,
				72A86DA62113A8CD001BCF6B /* Json */,
				7216B0C421B074F500EB4748 /* Reflection */,
				72A86DA221139651001BCF6B /* Serialization */,
				72A86D97210A6982001BCF6B /* serialization.cpp */,
				72A86DB22156753A001BCF6B /* test.cpp */,
				72A86DAE21567253001BCF6B /* Tests */,
				7216B0CB21B07B4E00EB4748 /* TestReflection.cpp */,
			);
			path = ECS;
			sourceTree = "<group>";
		};
		72A86D7F21090D6B001BCF6B /* ECS */ = {
			isa = PBXGroup;
			children = (
				72A86D8221091083001BCF6B /* Container.hpp */,
				72A86D8721091451001BCF6B /* Database.cpp */,
				72A86D8821091451001BCF6B /* Database.hpp */,
				72A86D90210918A2001BCF6B /* GameObject.cpp */,
				72A86D91210918A2001BCF6B /* GameObject.hpp */,
				72A86D83210910D6001BCF6B /* GameObjectId.hpp */,
				72A86D9B210E5D8E001BCF6B /* Hierarchy.cpp */,
				72A86D9C210E5D8E001BCF6B /* Hierarchy.hpp */,
				72A86D8121090F9D001BCF6B /* IdHelper.hpp */,
				72A86D8021090E98001BCF6B /* MetaHelper.hpp */,
				72A86D8421091268001BCF6B /* ObjectList.cpp */,
				72A86D8521091268001BCF6B /* ObjectList.hpp */,
				72A86D8A21091706001BCF6B /* Scene.cpp */,
				72A86D8B21091706001BCF6B /* Scene.hpp */,
				72A86D8E21091873001BCF6B /* System.hpp */,
			);
			path = ECS;
			sourceTree = "<group>";
		};
		72A86D99210B4867001BCF6B /* Helpers */ = {
			isa = PBXGroup;
			children = (
				72A86D9A210B487F001BCF6B /* ClassNameHelper.hpp */,
			);
			path = Helpers;
			sourceTree = "<group>";
		};
		72A86D9E210E5E23001BCF6B /* Data */ = {
			isa = PBXGroup;
			children = (
				72A86D9F210E5E23001BCF6B /* Event.hpp */,
				72A86DA0210E5E23001BCF6B /* Property.hpp */,
			);
			path = Data;
			sourceTree = "<group>";
		};
		72A86DA221139651001BCF6B /* Serialization */ = {
			isa = PBXGroup;
			children = (
				72A86DAC2122116C001BCF6B /* JsonDeserializer.cpp */,
				72A86DAB2122116C001BCF6B /* JsonDeserializer.hpp */,
				72A86DA321139742001BCF6B /* JsonSerializer.cpp */,
				72A86DA421139742001BCF6B /* JsonSerializer.hpp */,
				7216B0CE21CC45F800EB4748 /* FieldSerializer.cpp */,
				7216B0CF21CC45F800EB4748 /* FieldSerializer.hpp */,
			);
			name = Serialization;
			path = Serializations;
			sourceTree = "<group>";
		};
		72A86DA62113A8CD001BCF6B /* Json */ = {
			isa = PBXGroup;
			children = (
				72A86DA72113A8CD001BCF6B /* minijson_reader.hpp */,
				72A86DA82113A8CD001BCF6B /* minijson_writer.hpp */,
			);
			path = Json;
			sourceTree = "<group>";
		};
		72A86DAE21567253001BCF6B /* Tests */ = {
			isa = PBXGroup;
			children = (
				72A86DAF21567291001BCF6B /* Test.cpp */,
				72A86DB021567291001BCF6B /* Test.hpp */,
				72A86DB4215675C1001BCF6B /* TestECS.cpp */,
				72A86DB5215675C1001BCF6B /* TestECS.hpp */,
			);
			path = Tests;
			sourceTree = "<group>";
		};
/* End PBXGroup section */

/* Begin PBXNativeTarget section */
		726CB1DE20FD2ADF009E1412 /* ECS */ = {
			isa = PBXNativeTarget;
			buildConfigurationList = 726CB1E620FD2ADF009E1412 /* Build configuration list for PBXNativeTarget "ECS" */;
			buildPhases = (
				726CB1DB20FD2ADF009E1412 /* Sources */,
				726CB1DC20FD2ADF009E1412 /* Frameworks */,
				726CB1DD20FD2ADF009E1412 /* CopyFiles */,
			);
			buildRules = (
			);
			dependencies = (
			);
			name = ECS;
			productName = ECS;
			productReference = 726CB1DF20FD2ADF009E1412 /* ECS */;
			productType = "com.apple.product-type.tool";
		};
/* End PBXNativeTarget section */

/* Begin PBXProject section */
		726CB1D720FD2ADF009E1412 /* Project object */ = {
			isa = PBXProject;
			attributes = {
				LastUpgradeCheck = 0900;
				ORGANIZATIONNAME = "Jeppe Nielsen";
				TargetAttributes = {
					726CB1DE20FD2ADF009E1412 = {
						CreatedOnToolsVersion = 9.0.1;
						ProvisioningStyle = Automatic;
					};
				};
			};
			buildConfigurationList = 726CB1DA20FD2ADF009E1412 /* Build configuration list for PBXProject "ECS" */;
			compatibilityVersion = "Xcode 8.0";
			developmentRegion = en;
			hasScannedForEncodings = 0;
			knownRegions = (
				en,
			);
			mainGroup = 726CB1D620FD2ADF009E1412;
			productRefGroup = 726CB1E020FD2ADF009E1412 /* Products */;
			projectDirPath = "";
			projectRoot = "";
			targets = (
				726CB1DE20FD2ADF009E1412 /* ECS */,
			);
		};
/* End PBXProject section */

/* Begin PBXSourcesBuildPhase section */
		726CB1DB20FD2ADF009E1412 /* Sources */ = {
			isa = PBXSourcesBuildPhase;
			buildActionMask = 2147483647;
			files = (
				72A86D8C21091706001BCF6B /* Scene.cpp in Sources */,
				72A86DAD2122116D001BCF6B /* JsonDeserializer.cpp in Sources */,
				7216B0D021CC45F800EB4748 /* FieldSerializer.cpp in Sources */,
				72A86DB32156753A001BCF6B /* test.cpp in Sources */,
				72A86D92210918A2001BCF6B /* GameObject.cpp in Sources */,
				72A86DB6215675C1001BCF6B /* TestECS.cpp in Sources */,
				72A86D8621091268001BCF6B /* ObjectList.cpp in Sources */,
				7216B0CA21B076DC00EB4748 /* FieldInfo.cpp in Sources */,
				72A86D8921091451001BCF6B /* Database.cpp in Sources */,
				72A86D98210A6982001BCF6B /* serialization.cpp in Sources */,
				7216B0C721B075BE00EB4748 /* TypeInfo.cpp in Sources */,
				72A86DB121567291001BCF6B /* Test.cpp in Sources */,
				726CB221210509E4009E1412 /* ecs.cpp in Sources */,
				72A86D9D210E5D8E001BCF6B /* Hierarchy.cpp in Sources */,
				7216B0CD21B07B4E00EB4748 /* TestReflection.cpp in Sources */,
				72A86DA521139742001BCF6B /* JsonSerializer.cpp in Sources */,
			);
			runOnlyForDeploymentPostprocessing = 0;
		};
/* End PBXSourcesBuildPhase section */

/* Begin XCBuildConfiguration section */
		726CB1E420FD2ADF009E1412 /* Debug */ = {
			isa = XCBuildConfiguration;
			buildSettings = {
				ALWAYS_SEARCH_USER_PATHS = NO;
				CLANG_ANALYZER_NONNULL = YES;
				CLANG_ANALYZER_NUMBER_OBJECT_CONVERSION = YES_AGGRESSIVE;
				CLANG_CXX_LANGUAGE_STANDARD = "gnu++14";
				CLANG_CXX_LIBRARY = "libc++";
				CLANG_ENABLE_MODULES = YES;
				CLANG_ENABLE_OBJC_ARC = YES;
				CLANG_WARN_BLOCK_CAPTURE_AUTORELEASING = YES;
				CLANG_WARN_BOOL_CONVERSION = YES;
				CLANG_WARN_COMMA = YES;
				CLANG_WARN_CONSTANT_CONVERSION = YES;
				CLANG_WARN_DIRECT_OBJC_ISA_USAGE = YES_ERROR;
				CLANG_WARN_DOCUMENTATION_COMMENTS = YES;
				CLANG_WARN_EMPTY_BODY = YES;
				CLANG_WARN_ENUM_CONVERSION = YES;
				CLANG_WARN_INFINITE_RECURSION = YES;
				CLANG_WARN_INT_CONVERSION = YES;
				CLANG_WARN_NON_LITERAL_NULL_CONVERSION = YES;
				CLANG_WARN_OBJC_LITERAL_CONVERSION = YES;
				CLANG_WARN_OBJC_ROOT_CLASS = YES_ERROR;
				CLANG_WARN_RANGE_LOOP_ANALYSIS = YES;
				CLANG_WARN_STRICT_PROTOTYPES = YES;
				CLANG_WARN_SUSPICIOUS_MOVE = YES;
				CLANG_WARN_UNGUARDED_AVAILABILITY = YES_AGGRESSIVE;
				CLANG_WARN_UNREACHABLE_CODE = YES;
				CLANG_WARN__DUPLICATE_METHOD_MATCH = YES;
				CODE_SIGN_IDENTITY = "-";
				COPY_PHASE_STRIP = NO;
				DEBUG_INFORMATION_FORMAT = dwarf;
				ENABLE_STRICT_OBJC_MSGSEND = YES;
				ENABLE_TESTABILITY = YES;
				GCC_C_LANGUAGE_STANDARD = gnu11;
				GCC_DYNAMIC_NO_PIC = NO;
				GCC_NO_COMMON_BLOCKS = YES;
				GCC_OPTIMIZATION_LEVEL = 0;
				GCC_PREPROCESSOR_DEFINITIONS = (
					"DEBUG=1",
					"$(inherited)",
				);
				GCC_WARN_64_TO_32_BIT_CONVERSION = YES;
				GCC_WARN_ABOUT_RETURN_TYPE = YES_ERROR;
				GCC_WARN_UNDECLARED_SELECTOR = YES;
				GCC_WARN_UNINITIALIZED_AUTOS = YES_AGGRESSIVE;
				GCC_WARN_UNUSED_FUNCTION = YES;
				GCC_WARN_UNUSED_VARIABLE = YES;
				MACOSX_DEPLOYMENT_TARGET = 10.12;
				MTL_ENABLE_DEBUG_INFO = YES;
				ONLY_ACTIVE_ARCH = YES;
				SDKROOT = macosx;
			};
			name = Debug;
		};
		726CB1E520FD2ADF009E1412 /* Release */ = {
			isa = XCBuildConfiguration;
			buildSettings = {
				ALWAYS_SEARCH_USER_PATHS = NO;
				CLANG_ANALYZER_NONNULL = YES;
				CLANG_ANALYZER_NUMBER_OBJECT_CONVERSION = YES_AGGRESSIVE;
				CLANG_CXX_LANGUAGE_STANDARD = "gnu++14";
				CLANG_CXX_LIBRARY = "libc++";
				CLANG_ENABLE_MODULES = YES;
				CLANG_ENABLE_OBJC_ARC = YES;
				CLANG_WARN_BLOCK_CAPTURE_AUTORELEASING = YES;
				CLANG_WARN_BOOL_CONVERSION = YES;
				CLANG_WARN_COMMA = YES;
				CLANG_WARN_CONSTANT_CONVERSION = YES;
				CLANG_WARN_DIRECT_OBJC_ISA_USAGE = YES_ERROR;
				CLANG_WARN_DOCUMENTATION_COMMENTS = YES;
				CLANG_WARN_EMPTY_BODY = YES;
				CLANG_WARN_ENUM_CONVERSION = YES;
				CLANG_WARN_INFINITE_RECURSION = YES;
				CLANG_WARN_INT_CONVERSION = YES;
				CLANG_WARN_NON_LITERAL_NULL_CONVERSION = YES;
				CLANG_WARN_OBJC_LITERAL_CONVERSION = YES;
				CLANG_WARN_OBJC_ROOT_CLASS = YES_ERROR;
				CLANG_WARN_RANGE_LOOP_ANALYSIS = YES;
				CLANG_WARN_STRICT_PROTOTYPES = YES;
				CLANG_WARN_SUSPICIOUS_MOVE = YES;
				CLANG_WARN_UNGUARDED_AVAILABILITY = YES_AGGRESSIVE;
				CLANG_WARN_UNREACHABLE_CODE = YES;
				CLANG_WARN__DUPLICATE_METHOD_MATCH = YES;
				CODE_SIGN_IDENTITY = "-";
				COPY_PHASE_STRIP = NO;
				DEBUG_INFORMATION_FORMAT = "dwarf-with-dsym";
				ENABLE_NS_ASSERTIONS = NO;
				ENABLE_STRICT_OBJC_MSGSEND = YES;
				GCC_C_LANGUAGE_STANDARD = gnu11;
				GCC_NO_COMMON_BLOCKS = YES;
				GCC_WARN_64_TO_32_BIT_CONVERSION = YES;
				GCC_WARN_ABOUT_RETURN_TYPE = YES_ERROR;
				GCC_WARN_UNDECLARED_SELECTOR = YES;
				GCC_WARN_UNINITIALIZED_AUTOS = YES_AGGRESSIVE;
				GCC_WARN_UNUSED_FUNCTION = YES;
				GCC_WARN_UNUSED_VARIABLE = YES;
				MACOSX_DEPLOYMENT_TARGET = 10.12;
				MTL_ENABLE_DEBUG_INFO = NO;
				SDKROOT = macosx;
			};
			name = Release;
		};
		726CB1E720FD2ADF009E1412 /* Debug */ = {
			isa = XCBuildConfiguration;
			buildSettings = {
				CODE_SIGN_STYLE = Automatic;
				PRODUCT_NAME = "$(TARGET_NAME)";
			};
			name = Debug;
		};
		726CB1E820FD2ADF009E1412 /* Release */ = {
			isa = XCBuildConfiguration;
			buildSettings = {
				CODE_SIGN_STYLE = Automatic;
				PRODUCT_NAME = "$(TARGET_NAME)";
			};
			name = Release;
		};
/* End XCBuildConfiguration section */

/* Begin XCConfigurationList section */
		726CB1DA20FD2ADF009E1412 /* Build configuration list for PBXProject "ECS" */ = {
			isa = XCConfigurationList;
			buildConfigurations = (
				726CB1E420FD2ADF009E1412 /* Debug */,
				726CB1E520FD2ADF009E1412 /* Release */,
			);
			defaultConfigurationIsVisible = 0;
			defaultConfigurationName = Release;
		};
		726CB1E620FD2ADF009E1412 /* Build configuration list for PBXNativeTarget "ECS" */ = {
			isa = XCConfigurationList;
			buildConfigurations = (
				726CB1E720FD2ADF009E1412 /* Debug */,
				726CB1E820FD2ADF009E1412 /* Release */,
			);
			defaultConfigurationIsVisible = 0;
			defaultConfigurationName = Release;
		};
/* End XCConfigurationList section */
	};
	rootObject = 726CB1D720FD2ADF009E1412 /* Project object */;
}
